# This file is automatically @generated by Poetry 1.8.3 and should not be changed by hand.

[[package]]
name = "diskcache"
version = "5.6.3"
description = "Disk Cache -- Disk and file backed persistent cache."
optional = true
python-versions = "*"
files = []

[[package]]
name = "instructor"
version = "1.5.2"
description = "structured outputs for llm"
optional = false
python-versions = "*"
files = []

[[package]]
name = "ipykernel"
version = "6.29.5"
description = "IPython Kernel for Jupyter"
optional = false
python-versions = "*"
files = []

[[package]]
name = "Jinja2"
version = "3.1.4"
description = "A very fast and expressive template engine."
optional = true
python-versions = "*"
files = []

[[package]]
name = "llama-cpp-python"
version = "0.2.90"
description = "Python bindings for the llama.cpp library"
optional = true
python-versions = ">=3.8"
files = [
    {file = "llama_cpp_python-0.2.90-cp310-cp310-linux_x86_64.whl", hash = "sha256:8a87f5b1a3b1542fce9a53a565aebc29ad1deb1b59f9e3990f43a59f6165a60f"},
    {file = "llama_cpp_python-0.2.90-cp310-cp310-win_amd64.whl", hash = "sha256:015e062a2c9d8d9f84ca9a85b71a4fe0c718faa0e1fb6a93cb04c6b6c07641e7"},
    {file = "llama_cpp_python-0.2.90-cp311-cp311-linux_x86_64.whl", hash = "sha256:3dbec9571bdac59f47297bfa4035b5e46dd1f89d0f7f5e219ae5091e0b43bec3"},
    {file = "llama_cpp_python-0.2.90-cp311-cp311-win_amd64.whl", hash = "sha256:cd9a1ec85b5a01de990ad1406be2decaedd9b516693893874d1d21fa3861a850"},
    {file = "llama_cpp_python-0.2.90-cp312-cp312-linux_x86_64.whl", hash = "sha256:7c26dadccf318ad745831bbface63087da38a8ae5a78a80ec54dbaabb97a4b4c"},
    {file = "llama_cpp_python-0.2.90-cp312-cp312-win_amd64.whl", hash = "sha256:0b286da32db4499b10f34f6d87e9aaa1e53c77c20db6a229ed257d9ff693b316"},
    {file = "llama_cpp_python-0.2.90-cp39-cp39-linux_x86_64.whl", hash = "sha256:a80c30e16fcb811a5c84238997f4dd8407a25b2622e5f9b62a9d5f7107a3cdbf"},
    {file = "llama_cpp_python-0.2.90-cp39-cp39-win_amd64.whl", hash = "sha256:f38ed599b7fa3018a06249228618a496519e4cc24cd32ca2b820e5d9ec45f12b"},
]

[package.dependencies]
diskcache = ">=5.6.1"
jinja2 = ">=2.11.3"
numpy = ">=1.20.0"
typing-extensions = ">=4.5.0"

[package.extras]
all = ["llama_cpp_python[dev,server,test]"]
dev = ["black (>=23.3.0)", "httpx (>=0.24.1)", "mkdocs (>=1.4.3)", "mkdocs-material (>=9.1.18)", "mkdocstrings[python] (>=0.22.0)", "pytest (>=7.4.0)", "twine (>=4.0.2)"]
server = ["PyYAML (>=5.1)", "fastapi (>=0.100.0)", "pydantic-settings (>=2.0.1)", "sse-starlette (>=1.6.1)", "starlette-context (>=0.3.6,<0.4)", "uvicorn (>=0.22.0)"]
test = ["fastapi (>=0.100.0)", "httpx (>=0.24.1)", "pydantic-settings (>=2.0.1)", "pytest (>=7.4.0)", "scipy (>=1.10)", "sse-starlette (>=1.6.1)", "starlette-context (>=0.3.6,<0.4)"]

[package.source]
type = "legacy"
url = "https://abetlen.github.io/llama-cpp-python/whl/cu122"
reference = "llama-cpp-python"

[[package]]
name = "numpy"
version = "2.1.2"
description = "Fundamental package for array computing in Python"
optional = true
python-versions = "*"
files = []

[[package]]
name = "pillow"
version = "10.4.0"
description = "Python Imaging Library (Fork)"
optional = false
python-versions = "*"
files = []

[[package]]
name = "pydantic"
version = "2.9.2"
description = "Data validation using Python type hints"
optional = false
python-versions = "*"
files = []

[[package]]
name = "PyMuPDF"
version = "1.24.11"
description = "A high performance Python library for data extraction, analysis, conversion & manipulation of PDF (and other) documents."
optional = false
python-versions = "*"
files = []

[[package]]
name = "pypdf"
version = "5.0.0"
description = "A pure-python PDF library capable of splitting, merging, cropping, and transforming PDF files"
optional = false
python-versions = "*"
files = []

[[package]]
name = "typing_extensions"
version = "4.12.2"
description = "Backported and Experimental Type Hints for Python 3.8+"
optional = true
python-versions = "*"
files = []

[extras]
cuda = ["llama-cpp-python"]
experiment = ["instructor", "llama-cpp-python"]

[metadata]
lock-version = "2.0"
python-versions = "^3.12"
content-hash = "693ae72e5b23cadd91a178fd57668ab1d8c72ebec4a187960864f760d2d30a24"
